
Microsoft Visual Studio Solution File, Format Version 12.00
# Visual Studio 15
VisualStudioVersion = 15.0.28307.421
MinimumVisualStudioVersion = 10.0.40219.1
Project("{9A19103F-16F7-4668-BE54-9A1E7A4F7556}") = "myProject", "myProject\myProject.csproj", "{8BCCA077-702D-4A40-A06A-F056D267108D}"
EndProject
Project("{FAE04EC0-301F-11D3-BF4B-00C04F79EFBC}") = "TelegramBot", "TelegramBot\TelegramBot.csproj", "{7C4B0FCC-2ABD-49D6-B9E6-7C38707B6BC7}"
EndProject
Project("{FAE04EC0-301F-11D3-BF4B-00C04F79EFBC}") = "UnitTest", "UnitTest\UnitTest.csproj", "{E8D75DA1-1FFB-444A-99A5-CBBFF0224025}"
EndProject
Global
	GlobalSection(SolutionConfigurationPlatforms) = preSolution
		Debug|Any CPU = Debug|Any CPU
		Release|Any CPU = Release|Any CPU
	EndGlobalSection
	GlobalSection(ProjectConfigurationPlatforms) = postSolution
		{8BCCA077-702D-4A40-A06A-F056D267108D}.Debug|Any CPU.ActiveCfg = Debug|Any CPU
		{8BCCA077-702D-4A40-A06A-F056D267108D}.Debug|Any CPU.Build.0 = Debug|Any CPU
		{8BCCA077-702D-4A40-A06A-F056D267108D}.Release|Any CPU.ActiveCfg = Release|Any CPU
		{8BCCA077-702D-4A40-A06A-F056D267108D}.Release|Any CPU.Build.0 = Release|Any CPU
		{7C4B0FCC-2ABD-49D6-B9E6-7C38707B6BC7}.Debug|Any CPU.ActiveCfg = Debug|Any CPU
		{7C4B0FCC-2ABD-49D6-B9E6-7C38707B6BC7}.Debug|Any CPU.Build.0 = Debug|Any CPU
		{7C4B0FCC-2ABD-49D6-B9E6-7C38707B6BC7}.Release|Any CPU.ActiveCfg = Release|Any CPU
		{7C4B0FCC-2ABD-49D6-B9E6-7C38707B6BC7}.Release|Any CPU.Build.0 = Release|Any CPU
		{E8D75DA1-1FFB-444A-99A5-CBBFF0224025}.Debug|Any CPU.ActiveCfg = Debug|Any CPU
		{E8D75DA1-1FFB-444A-99A5-CBBFF0224025}.Debug|Any CPU.Build.0 = Debug|Any CPU
		{E8D75DA1-1FFB-444A-99A5-CBBFF0224025}.Release|Any CPU.ActiveCfg = Release|Any CPU
		{E8D75DA1-1FFB-444A-99A5-CBBFF0224025}.Release|Any CPU.Build.0 = Release|Any CPU
	EndGlobalSection
	GlobalSection(SolutionProperties) = preSolution
		HideSolutionNode = FALSE
	EndGlobalSection
	GlobalSection(ExtensibilityGlobals) = postSolution
		SolutionGuid = {799733DF-8F50-40B5-A01F-69CB79CB87C9}
	EndGlobalSection
EndGlobal
